
Microsoft Visual Studio Solution File, Format Version 12.00
# Visual Studio Version 17
VisualStudioVersion = 17.9.34728.123
MinimumVisualStudioVersion = 10.0.40219.1
Project("{9A19103F-16F7-4668-BE54-9A1E7A4F7556}") = "LRC.Business", "src\LRC.Business\LRC.Business.csproj", "{21CC3303-CDC0-4A7F-B4D6-081308B55A3E}"
EndProject
Project("{9A19103F-16F7-4668-BE54-9A1E7A4F7556}") = "LRC.Data", "src\LRC.Data\LRC.Data.csproj", "{19421939-D066-4344-87F2-2E3EB5BE1FF2}"
EndProject
Project("{FAE04EC0-301F-11D3-BF4B-00C04F79EFBC}") = "LRC.App", "src\LRC.App\LRC.App.csproj", "{CE0B6448-8D77-41D1-958C-95DCB75BD5F8}"
EndProject
Global
	GlobalSection(SolutionConfigurationPlatforms) = preSolution
		Debug|Any CPU = Debug|Any CPU
		Release|Any CPU = Release|Any CPU
	EndGlobalSection
	GlobalSection(ProjectConfigurationPlatforms) = postSolution
		{21CC3303-CDC0-4A7F-B4D6-081308B55A3E}.Debug|Any CPU.ActiveCfg = Debug|Any CPU
		{21CC3303-CDC0-4A7F-B4D6-081308B55A3E}.Debug|Any CPU.Build.0 = Debug|Any CPU
		{21CC3303-CDC0-4A7F-B4D6-081308B55A3E}.Release|Any CPU.ActiveCfg = Release|Any CPU
		{21CC3303-CDC0-4A7F-B4D6-081308B55A3E}.Release|Any CPU.Build.0 = Release|Any CPU
		{19421939-D066-4344-87F2-2E3EB5BE1FF2}.Debug|Any CPU.ActiveCfg = Debug|Any CPU
		{19421939-D066-4344-87F2-2E3EB5BE1FF2}.Debug|Any CPU.Build.0 = Debug|Any CPU
		{19421939-D066-4344-87F2-2E3EB5BE1FF2}.Release|Any CPU.ActiveCfg = Release|Any CPU
		{19421939-D066-4344-87F2-2E3EB5BE1FF2}.Release|Any CPU.Build.0 = Release|Any CPU
		{CE0B6448-8D77-41D1-958C-95DCB75BD5F8}.Debug|Any CPU.ActiveCfg = Debug|Any CPU
		{CE0B6448-8D77-41D1-958C-95DCB75BD5F8}.Debug|Any CPU.Build.0 = Debug|Any CPU
		{CE0B6448-8D77-41D1-958C-95DCB75BD5F8}.Release|Any CPU.ActiveCfg = Release|Any CPU
		{CE0B6448-8D77-41D1-958C-95DCB75BD5F8}.Release|Any CPU.Build.0 = Release|Any CPU
	EndGlobalSection
	GlobalSection(SolutionProperties) = preSolution
		HideSolutionNode = FALSE
	EndGlobalSection
	GlobalSection(ExtensibilityGlobals) = postSolution
		SolutionGuid = {1FCE6A88-7EDC-4B43-83E9-185EA53DFBBE}
	EndGlobalSection
EndGlobal
